
Microsoft Visual Studio Solution File, Format Version 12.00
# Visual Studio Version 16
VisualStudioVersion = 16.0.30804.86
MinimumVisualStudioVersion = 10.0.40219.1
Project("{FAE04EC0-301F-11D3-BF4B-00C04F79EFBC}") = "ClientApp", "ClientApp\ClientApp.csproj", "{A7BB1E81-9DD5-4F63-8F5B-3995D7AABCFD}"
EndProject
Global
	GlobalSection(SolutionConfigurationPlatforms) = preSolution
		Debug|Any CPU = Debug|Any CPU
		Release|Any CPU = Release|Any CPU
	EndGlobalSection
	GlobalSection(ProjectConfigurationPlatforms) = postSolution
		{A7BB1E81-9DD5-4F63-8F5B-3995D7AABCFD}.Debug|Any CPU.ActiveCfg = Debug|Any CPU
		{A7BB1E81-9DD5-4F63-8F5B-3995D7AABCFD}.Debug|Any CPU.Build.0 = Debug|Any CPU
		{A7BB1E81-9DD5-4F63-8F5B-3995D7AABCFD}.Release|Any CPU.ActiveCfg = Release|Any CPU
		{A7BB1E81-9DD5-4F63-8F5B-3995D7AABCFD}.Release|Any CPU.Build.0 = Release|Any CPU
	EndGlobalSection
	GlobalSection(SolutionProperties) = preSolution
		HideSolutionNode = FALSE
	EndGlobalSection
	GlobalSection(ExtensibilityGlobals) = postSolution
		SolutionGuid = {C5684932-4AFE-4A04-A366-3D0F73579A88}
	EndGlobalSection
EndGlobal
